
Microsoft Visual Studio Solution File, Format Version 12.00
# Visual Studio Version 17
VisualStudioVersion = 17.2.32602.215
MinimumVisualStudioVersion = 10.0.40219.1
Project("{FAE04EC0-301F-11D3-BF4B-00C04F79EFBC}") = "UnitTest", "UnitTest\UnitTest.csproj", "{A855FDBA-D750-4386-A048-10169880AE26}"
EndProject
Project("{FAE04EC0-301F-11D3-BF4B-00C04F79EFBC}") = "Benchmark", "Benchmark\Benchmark.csproj", "{E565C348-F43D-4E3A-803B-05842A9687C2}"
EndProject
Project("{FAE04EC0-301F-11D3-BF4B-00C04F79EFBC}") = "MinecraftCloneSilk", "App\MinecraftCloneSilk.csproj", "{6E4553AA-4679-4777-8E2C-C629157BB290}"
EndProject
Global
	GlobalSection(SolutionConfigurationPlatforms) = preSolution
		Debug|Any CPU = Debug|Any CPU
		Release|Any CPU = Release|Any CPU
	EndGlobalSection
	GlobalSection(ProjectConfigurationPlatforms) = postSolution
		{A855FDBA-D750-4386-A048-10169880AE26}.Debug|Any CPU.ActiveCfg = Debug|Any CPU
		{A855FDBA-D750-4386-A048-10169880AE26}.Debug|Any CPU.Build.0 = Debug|Any CPU
		{A855FDBA-D750-4386-A048-10169880AE26}.Release|Any CPU.ActiveCfg = Release|Any CPU
		{A855FDBA-D750-4386-A048-10169880AE26}.Release|Any CPU.Build.0 = Release|Any CPU
		{E565C348-F43D-4E3A-803B-05842A9687C2}.Debug|Any CPU.ActiveCfg = Debug|Any CPU
		{E565C348-F43D-4E3A-803B-05842A9687C2}.Debug|Any CPU.Build.0 = Debug|Any CPU
		{E565C348-F43D-4E3A-803B-05842A9687C2}.Release|Any CPU.ActiveCfg = Release|Any CPU
		{E565C348-F43D-4E3A-803B-05842A9687C2}.Release|Any CPU.Build.0 = Release|Any CPU
		{6E4553AA-4679-4777-8E2C-C629157BB290}.Debug|Any CPU.ActiveCfg = Debug|Any CPU
		{6E4553AA-4679-4777-8E2C-C629157BB290}.Debug|Any CPU.Build.0 = Debug|Any CPU
		{6E4553AA-4679-4777-8E2C-C629157BB290}.Release|Any CPU.ActiveCfg = Release|Any CPU
		{6E4553AA-4679-4777-8E2C-C629157BB290}.Release|Any CPU.Build.0 = Release|Any CPU
	EndGlobalSection
	GlobalSection(SolutionProperties) = preSolution
		HideSolutionNode = FALSE
	EndGlobalSection
	GlobalSection(ExtensibilityGlobals) = postSolution
		SolutionGuid = {E2C11124-90FF-42E2-A1D2-610A94C8CCDA}
	EndGlobalSection
EndGlobal
